
Microsoft Visual Studio Solution File, Format Version 12.00
# Visual Studio Version 17
VisualStudioVersion = 17.14.37027.9 d17.14
MinimumVisualStudioVersion = 10.0.40219.1
Project("{FAE04EC0-301F-11D3-BF4B-00C04F79EFBC}") = "restaurnat-mng-backend", "restaurnat-mng-backend\restaurnat-mng-backend.csproj", "{3B09EFD8-7292-4D8D-B258-24C38D9C80AD}"
EndProject
Global
	GlobalSection(SolutionConfigurationPlatforms) = preSolution
		Debug|Any CPU = Debug|Any CPU
		Release|Any CPU = Release|Any CPU
	EndGlobalSection
	GlobalSection(ProjectConfigurationPlatforms) = postSolution
		{3B09EFD8-7292-4D8D-B258-24C38D9C80AD}.Debug|Any CPU.ActiveCfg = Debug|Any CPU
		{3B09EFD8-7292-4D8D-B258-24C38D9C80AD}.Debug|Any CPU.Build.0 = Debug|Any CPU
		{3B09EFD8-7292-4D8D-B258-24C38D9C80AD}.Release|Any CPU.ActiveCfg = Release|Any CPU
		{3B09EFD8-7292-4D8D-B258-24C38D9C80AD}.Release|Any CPU.Build.0 = Release|Any CPU
	EndGlobalSection
	GlobalSection(SolutionProperties) = preSolution
		HideSolutionNode = FALSE
	EndGlobalSection
	GlobalSection(ExtensibilityGlobals) = postSolution
		SolutionGuid = {B122C047-81D2-4126-9526-0527BA8EE649}
	EndGlobalSection
EndGlobal
